<?xml version="1.0" encoding="utf-8"?>
<Project ToolsVersion="4.0" xmlns="http://schemas.microsoft.com/developer/msbuild/2003">
  <ItemGroup>
    <Filter Include="Source Files">
      <UniqueIdentifier>{4FC737F1-C7A5-4376-A066-2A32D752A2FF}</UniqueIdentifier>
      <Extensions>cpp;c;cc;cxx;c++;cppm;ixx;def;odl;idl;hpj;bat;asm;asmx</Extensions>
    </Filter>
    <Filter Include="Header Files">
      <UniqueIdentifier>{93995380-89BD-4b04-88EB-625FBE52EBFB}</UniqueIdentifier>
      <Extensions>h;hh;hpp;hxx;h++;hm;inl;inc;ipp;xsd</Extensions>
    </Filter>
    <Filter Include="Resource Files">
      <UniqueIdentifier>{67DA6AB6-F800-4c08-8B7A-83BB121AAD01}</UniqueIdentifier>
      <Extensions>rc;ico;cur;bmp;dlg;rc2;rct;bin;rgs;gif;jpg;jpeg;jpe;resx;tiff;tif;png;wav;mfcribbon-ms</Extensions>
    </Filter>
    <Filter Include="Header Files\JSON">
      <UniqueIdentifier>{ce92a858-39bb-4920-abc1-bd61e3e0a892}</UniqueIdentifier>
    </Filter>
    <Filter Include="Header Files\Item">
      <UniqueIdentifier>{34309738-17d0-4839-8506-0aad1b57ae14}</UniqueIdentifier>
    </Filter>
    <Filter Include="Header Files\Utility">
      <UniqueIdentifier>{737ba969-4caa-43c3-b72c-b9a3797eb722}</UniqueIdentifier>
    </Filter>
    <Filter Include="Header Files\Trade">
      <UniqueIdentifier>{03574557-bb29-4aa3-9635-dafbd29dd99f}</UniqueIdentifier>
    </Filter>
    <Filter Include="Source Files\Item">
      <UniqueIdentifier>{4bbbd073-1c37-412f-bb64-e6fe5e632bd2}</UniqueIdentifier>
    </Filter>
    <Filter Include="Source Files\Trade">
      <UniqueIdentifier>{0b660523-bb79-4405-b97a-b794980c9874}</UniqueIdentifier>
    </Filter>
    <Filter Include="Source Files\Utility">
      <UniqueIdentifier>{f9368a89-6496-4dba-bd1e-ec851b784ffa}</UniqueIdentifier>
    </Filter>
  </ItemGroup>
  <ItemGroup>
    <ClCompile Include="InteraGalactica_TradeSystem.cpp">
      <Filter>Source Files</Filter>
    </ClCompile>
    <ClCompile Include="Game.cpp">
      <Filter>Source Files</Filter>
    </ClCompile>
    <ClCompile Include="Item.cpp">
      <Filter>Source Files\Item</Filter>
    </ClCompile>
    <ClCompile Include="Logging.cpp">
      <Filter>Source Files\Utility</Filter>
    </ClCompile>
    <ClCompile Include="TradeOffer.cpp">
      <Filter>Source Files\Trade</Filter>
    </ClCompile>
    <ClCompile Include="TradeSystem.cpp">
      <Filter>Source Files</Filter>
    </ClCompile>
  </ItemGroup>
  <ItemGroup>
    <ClInclude Include="json_nlohmann.h">
      <Filter>Header Files\JSON</Filter>
    </ClInclude>
    <ClInclude Include="Game.h">
      <Filter>Header Files</Filter>
    </ClInclude>
    <ClInclude Include="Item.h">
      <Filter>Header Files\Item</Filter>
    </ClInclude>
    <ClInclude Include="ItemID.h">
      <Filter>Header Files\Item</Filter>
    </ClInclude>
    <ClInclude Include="Logging.h">
      <Filter>Header Files\Utility</Filter>
    </ClInclude>
    <ClInclude Include="SellOffer.h">
      <Filter>Header Files\Trade</Filter>
    </ClInclude>
    <ClInclude Include="TradeOffer.h">
      <Filter>Header Files\Trade</Filter>
    </ClInclude>
    <ClInclude Include="TradeSystem.h">
      <Filter>Header Files\Trade</Filter>
    </ClInclude>
  </ItemGroup>
</Project>